
Microsoft Visual Studio Solution File, Format Version 12.00
# Visual Studio 15
VisualStudioVersion = 15.0.27428.2043
MinimumVisualStudioVersion = 10.0.40219.1
Project("{FAE04EC0-301F-11D3-BF4B-00C04F79EFBC}") = "lab14", "lab14\lab14.csproj", "{7D1FDB72-9590-495A-94CD-FF6E4EFD1FAB}"
EndProject
Global
	GlobalSection(SolutionConfigurationPlatforms) = preSolution
		Debug|Any CPU = Debug|Any CPU
		Release|Any CPU = Release|Any CPU
	EndGlobalSection
	GlobalSection(ProjectConfigurationPlatforms) = postSolution
		{7D1FDB72-9590-495A-94CD-FF6E4EFD1FAB}.Debug|Any CPU.ActiveCfg = Debug|Any CPU
		{7D1FDB72-9590-495A-94CD-FF6E4EFD1FAB}.Debug|Any CPU.Build.0 = Debug|Any CPU
		{7D1FDB72-9590-495A-94CD-FF6E4EFD1FAB}.Release|Any CPU.ActiveCfg = Release|Any CPU
		{7D1FDB72-9590-495A-94CD-FF6E4EFD1FAB}.Release|Any CPU.Build.0 = Release|Any CPU
	EndGlobalSection
	GlobalSection(SolutionProperties) = preSolution
		HideSolutionNode = FALSE
	EndGlobalSection
	GlobalSection(ExtensibilityGlobals) = postSolution
		SolutionGuid = {22B8E74E-7165-4412-B05B-BA58CE3BA038}
	EndGlobalSection
EndGlobal
