
Microsoft Visual Studio Solution File, Format Version 12.00
# Visual Studio 15
VisualStudioVersion = 15.0.27428.2043
MinimumVisualStudioVersion = 10.0.40219.1
Project("{FAE04EC0-301F-11D3-BF4B-00C04F79EFBC}") = "lab13", "lab13\lab13.csproj", "{FB5B62B8-3BA9-46C0-902F-03C6206FF186}"
EndProject
Global
	GlobalSection(SolutionConfigurationPlatforms) = preSolution
		Debug|Any CPU = Debug|Any CPU
		Release|Any CPU = Release|Any CPU
	EndGlobalSection
	GlobalSection(ProjectConfigurationPlatforms) = postSolution
		{FB5B62B8-3BA9-46C0-902F-03C6206FF186}.Debug|Any CPU.ActiveCfg = Debug|Any CPU
		{FB5B62B8-3BA9-46C0-902F-03C6206FF186}.Debug|Any CPU.Build.0 = Debug|Any CPU
		{FB5B62B8-3BA9-46C0-902F-03C6206FF186}.Release|Any CPU.ActiveCfg = Release|Any CPU
		{FB5B62B8-3BA9-46C0-902F-03C6206FF186}.Release|Any CPU.Build.0 = Release|Any CPU
	EndGlobalSection
	GlobalSection(SolutionProperties) = preSolution
		HideSolutionNode = FALSE
	EndGlobalSection
	GlobalSection(ExtensibilityGlobals) = postSolution
		SolutionGuid = {2B5A00A8-3F96-42D2-9224-24A75FDD6459}
	EndGlobalSection
EndGlobal
